
Microsoft Visual Studio Solution File, Format Version 12.00
# Visual Studio Version 16
VisualStudioVersion = 16.0.29911.84
MinimumVisualStudioVersion = 10.0.40219.1
Project("{9A19103F-16F7-4668-BE54-9A1E7A4F7556}") = "Module 7", "Module 7\Module 7.csproj", "{3983D9B7-F2ED-41EF-8996-B32F0A6C9412}"
EndProject
Project("{FAE04EC0-301F-11D3-BF4B-00C04F79EFBC}") = "UnitTestXMLParser", "UnitTestXMLParser\UnitTestXMLParser.csproj", "{46A43336-C156-4D4B-B12D-0868D38BB799}"
EndProject
Global
	GlobalSection(SolutionConfigurationPlatforms) = preSolution
		Debug|Any CPU = Debug|Any CPU
		Release|Any CPU = Release|Any CPU
	EndGlobalSection
	GlobalSection(ProjectConfigurationPlatforms) = postSolution
		{3983D9B7-F2ED-41EF-8996-B32F0A6C9412}.Debug|Any CPU.ActiveCfg = Debug|Any CPU
		{3983D9B7-F2ED-41EF-8996-B32F0A6C9412}.Debug|Any CPU.Build.0 = Debug|Any CPU
		{3983D9B7-F2ED-41EF-8996-B32F0A6C9412}.Release|Any CPU.ActiveCfg = Release|Any CPU
		{3983D9B7-F2ED-41EF-8996-B32F0A6C9412}.Release|Any CPU.Build.0 = Release|Any CPU
		{46A43336-C156-4D4B-B12D-0868D38BB799}.Debug|Any CPU.ActiveCfg = Debug|Any CPU
		{46A43336-C156-4D4B-B12D-0868D38BB799}.Debug|Any CPU.Build.0 = Debug|Any CPU
		{46A43336-C156-4D4B-B12D-0868D38BB799}.Release|Any CPU.ActiveCfg = Release|Any CPU
		{46A43336-C156-4D4B-B12D-0868D38BB799}.Release|Any CPU.Build.0 = Release|Any CPU
	EndGlobalSection
	GlobalSection(SolutionProperties) = preSolution
		HideSolutionNode = FALSE
	EndGlobalSection
	GlobalSection(ExtensibilityGlobals) = postSolution
		SolutionGuid = {1D44E5B4-65BC-42F8-9691-4A916233D843}
	EndGlobalSection
EndGlobal
