
Microsoft Visual Studio Solution File, Format Version 12.00
# Visual Studio Version 16
VisualStudioVersion = 16.0.29911.84
MinimumVisualStudioVersion = 10.0.40219.1
Project("{FAE04EC0-301F-11D3-BF4B-00C04F79EFBC}") = "02_Module", "02_Module\02_Module.csproj", "{63C0A7F9-E4E0-4814-BA3F-6AFFE0B91103}"
EndProject
Global
	GlobalSection(SolutionConfigurationPlatforms) = preSolution
		Debug|Any CPU = Debug|Any CPU
		Release|Any CPU = Release|Any CPU
	EndGlobalSection
	GlobalSection(ProjectConfigurationPlatforms) = postSolution
		{63C0A7F9-E4E0-4814-BA3F-6AFFE0B91103}.Debug|Any CPU.ActiveCfg = Debug|Any CPU
		{63C0A7F9-E4E0-4814-BA3F-6AFFE0B91103}.Debug|Any CPU.Build.0 = Debug|Any CPU
		{63C0A7F9-E4E0-4814-BA3F-6AFFE0B91103}.Release|Any CPU.ActiveCfg = Release|Any CPU
		{63C0A7F9-E4E0-4814-BA3F-6AFFE0B91103}.Release|Any CPU.Build.0 = Release|Any CPU
	EndGlobalSection
	GlobalSection(SolutionProperties) = preSolution
		HideSolutionNode = FALSE
	EndGlobalSection
	GlobalSection(ExtensibilityGlobals) = postSolution
		SolutionGuid = {D91EB26F-BB1F-49C8-AD36-13BDB0EDD4D2}
	EndGlobalSection
EndGlobal
