
Microsoft Visual Studio Solution File, Format Version 12.00
# Visual Studio Version 16
VisualStudioVersion = 16.0.29911.84
MinimumVisualStudioVersion = 10.0.40219.1
Project("{FAE04EC0-301F-11D3-BF4B-00C04F79EFBC}") = "Module_09", "Module_09.csproj", "{62BC35CB-6AE4-47FE-A16B-CBCCC783700F}"
EndProject
Global
	GlobalSection(SolutionConfigurationPlatforms) = preSolution
		Debug|Any CPU = Debug|Any CPU
		Release|Any CPU = Release|Any CPU
	EndGlobalSection
	GlobalSection(ProjectConfigurationPlatforms) = postSolution
		{62BC35CB-6AE4-47FE-A16B-CBCCC783700F}.Debug|Any CPU.ActiveCfg = Debug|Any CPU
		{62BC35CB-6AE4-47FE-A16B-CBCCC783700F}.Debug|Any CPU.Build.0 = Debug|Any CPU
		{62BC35CB-6AE4-47FE-A16B-CBCCC783700F}.Release|Any CPU.ActiveCfg = Release|Any CPU
		{62BC35CB-6AE4-47FE-A16B-CBCCC783700F}.Release|Any CPU.Build.0 = Release|Any CPU
	EndGlobalSection
	GlobalSection(SolutionProperties) = preSolution
		HideSolutionNode = FALSE
	EndGlobalSection
	GlobalSection(ExtensibilityGlobals) = postSolution
		SolutionGuid = {FA13C9BD-CA83-4206-9DED-898B8DEDB023}
	EndGlobalSection
EndGlobal
