
Microsoft Visual Studio Solution File, Format Version 12.00
# Visual Studio Version 16
VisualStudioVersion = 16.0.29911.84
MinimumVisualStudioVersion = 10.0.40219.1
Project("{FAE04EC0-301F-11D3-BF4B-00C04F79EFBC}") = "Task_2", "Task_2\Task_2.csproj", "{E7128D9E-17BB-4ADD-BA08-144D16596BF5}"
EndProject
Project("{FAE04EC0-301F-11D3-BF4B-00C04F79EFBC}") = "Task_1", "..\Task_1\Task_1.csproj", "{0FD09CA8-BB18-4E40-8790-BEDF27F45F7C}"
EndProject
Global
	GlobalSection(SolutionConfigurationPlatforms) = preSolution
		Debug|Any CPU = Debug|Any CPU
		Release|Any CPU = Release|Any CPU
	EndGlobalSection
	GlobalSection(ProjectConfigurationPlatforms) = postSolution
		{E7128D9E-17BB-4ADD-BA08-144D16596BF5}.Debug|Any CPU.ActiveCfg = Debug|Any CPU
		{E7128D9E-17BB-4ADD-BA08-144D16596BF5}.Debug|Any CPU.Build.0 = Debug|Any CPU
		{E7128D9E-17BB-4ADD-BA08-144D16596BF5}.Release|Any CPU.ActiveCfg = Release|Any CPU
		{E7128D9E-17BB-4ADD-BA08-144D16596BF5}.Release|Any CPU.Build.0 = Release|Any CPU
		{0FD09CA8-BB18-4E40-8790-BEDF27F45F7C}.Debug|Any CPU.ActiveCfg = Debug|Any CPU
		{0FD09CA8-BB18-4E40-8790-BEDF27F45F7C}.Debug|Any CPU.Build.0 = Debug|Any CPU
		{0FD09CA8-BB18-4E40-8790-BEDF27F45F7C}.Release|Any CPU.ActiveCfg = Release|Any CPU
		{0FD09CA8-BB18-4E40-8790-BEDF27F45F7C}.Release|Any CPU.Build.0 = Release|Any CPU
	EndGlobalSection
	GlobalSection(SolutionProperties) = preSolution
		HideSolutionNode = FALSE
	EndGlobalSection
	GlobalSection(ExtensibilityGlobals) = postSolution
		SolutionGuid = {173EC8B4-868A-43EE-BF8C-80C3ABE9C7DE}
	EndGlobalSection
EndGlobal
