
Microsoft Visual Studio Solution File, Format Version 12.00
# Visual Studio Version 16
VisualStudioVersion = 16.0.29911.84
MinimumVisualStudioVersion = 10.0.40219.1
Project("{FAE04EC0-301F-11D3-BF4B-00C04F79EFBC}") = "MVCForTestAnalyze", "MVCForTestAnalyze\MVCForTestAnalyze.csproj", "{0736BBB8-BE8D-4CFB-8D15-1DE7BEC82BBC}"
EndProject
Project("{FAE04EC0-301F-11D3-BF4B-00C04F79EFBC}") = "StyleCopRules", "StyleCopRules\StyleCopRules.csproj", "{EFDDEBAA-01DE-43B2-8751-72CD9C5AF13F}"
EndProject
Project("{FAE04EC0-301F-11D3-BF4B-00C04F79EFBC}") = "StyleCopRulesUnitTests", "StyleCopRulesUnitTests\StyleCopRulesUnitTests.csproj", "{C1A2D770-F5E3-4545-B1C0-5B9C46CCE828}"
EndProject
Global
	GlobalSection(SolutionConfigurationPlatforms) = preSolution
		Debug|Any CPU = Debug|Any CPU
		Release|Any CPU = Release|Any CPU
	EndGlobalSection
	GlobalSection(ProjectConfigurationPlatforms) = postSolution
		{0736BBB8-BE8D-4CFB-8D15-1DE7BEC82BBC}.Debug|Any CPU.ActiveCfg = Debug|Any CPU
		{0736BBB8-BE8D-4CFB-8D15-1DE7BEC82BBC}.Debug|Any CPU.Build.0 = Debug|Any CPU
		{0736BBB8-BE8D-4CFB-8D15-1DE7BEC82BBC}.Release|Any CPU.ActiveCfg = Release|Any CPU
		{0736BBB8-BE8D-4CFB-8D15-1DE7BEC82BBC}.Release|Any CPU.Build.0 = Release|Any CPU
		{EFDDEBAA-01DE-43B2-8751-72CD9C5AF13F}.Debug|Any CPU.ActiveCfg = Debug|Any CPU
		{EFDDEBAA-01DE-43B2-8751-72CD9C5AF13F}.Debug|Any CPU.Build.0 = Debug|Any CPU
		{EFDDEBAA-01DE-43B2-8751-72CD9C5AF13F}.Release|Any CPU.ActiveCfg = Release|Any CPU
		{EFDDEBAA-01DE-43B2-8751-72CD9C5AF13F}.Release|Any CPU.Build.0 = Release|Any CPU
		{C1A2D770-F5E3-4545-B1C0-5B9C46CCE828}.Debug|Any CPU.ActiveCfg = Debug|Any CPU
		{C1A2D770-F5E3-4545-B1C0-5B9C46CCE828}.Debug|Any CPU.Build.0 = Debug|Any CPU
		{C1A2D770-F5E3-4545-B1C0-5B9C46CCE828}.Release|Any CPU.ActiveCfg = Release|Any CPU
		{C1A2D770-F5E3-4545-B1C0-5B9C46CCE828}.Release|Any CPU.Build.0 = Release|Any CPU
	EndGlobalSection
	GlobalSection(SolutionProperties) = preSolution
		HideSolutionNode = FALSE
	EndGlobalSection
	GlobalSection(ExtensibilityGlobals) = postSolution
		SolutionGuid = {836E4326-79C4-49C6-9EC7-E0C6E97E022F}
	EndGlobalSection
EndGlobal
