
Microsoft Visual Studio Solution File, Format Version 12.00
# Visual Studio Version 16
VisualStudioVersion = 16.0.29911.84
MinimumVisualStudioVersion = 10.0.40219.1
Project("{FAE04EC0-301F-11D3-BF4B-00C04F79EFBC}") = "MyIoC", "MyIoC\MyIoC.csproj", "{E4159EAB-85B1-4816-8DE1-97C098825C3D}"
EndProject
Project("{FAE04EC0-301F-11D3-BF4B-00C04F79EFBC}") = "IoCTest", "IoCTest\IoCTest.csproj", "{16219D52-FBCD-485E-8A6B-228022A502FA}"
EndProject
Global
	GlobalSection(SolutionConfigurationPlatforms) = preSolution
		Debug|Any CPU = Debug|Any CPU
		Release|Any CPU = Release|Any CPU
	EndGlobalSection
	GlobalSection(ProjectConfigurationPlatforms) = postSolution
		{E4159EAB-85B1-4816-8DE1-97C098825C3D}.Debug|Any CPU.ActiveCfg = Debug|Any CPU
		{E4159EAB-85B1-4816-8DE1-97C098825C3D}.Debug|Any CPU.Build.0 = Debug|Any CPU
		{E4159EAB-85B1-4816-8DE1-97C098825C3D}.Release|Any CPU.ActiveCfg = Release|Any CPU
		{E4159EAB-85B1-4816-8DE1-97C098825C3D}.Release|Any CPU.Build.0 = Release|Any CPU
		{16219D52-FBCD-485E-8A6B-228022A502FA}.Debug|Any CPU.ActiveCfg = Debug|Any CPU
		{16219D52-FBCD-485E-8A6B-228022A502FA}.Debug|Any CPU.Build.0 = Debug|Any CPU
		{16219D52-FBCD-485E-8A6B-228022A502FA}.Release|Any CPU.ActiveCfg = Release|Any CPU
		{16219D52-FBCD-485E-8A6B-228022A502FA}.Release|Any CPU.Build.0 = Release|Any CPU
	EndGlobalSection
	GlobalSection(SolutionProperties) = preSolution
		HideSolutionNode = FALSE
	EndGlobalSection
	GlobalSection(ExtensibilityGlobals) = postSolution
		SolutionGuid = {165331AC-6006-4664-9E10-C4F1816DC4AC}
	EndGlobalSection
EndGlobal
